// !$*UTF8*$!
{
	archiveVersion = 1;
	classes = {
	};
	objectVersion = 56;
	objects = {

/* Begin PBXBuildFile section */
		32788A3A2DD6564000D1FAA3 /* main.swift in Sources */ = {isa = PBXBuildFile; fileRef = 32788A392DD6564000D1FAA3 /* main.swift */; };
		32788A512DD6668100D1FAA3 /* Service.swift in Sources */ = {isa = PBXBuildFile; fileRef = 32788A502DD6668100D1FAA3 /* Service.swift */; };
		32788A532DD66FD300D1FAA3 /* FitnessClass.swift in Sources */ = {isa = PBXBuildFile; fileRef = 32788A522DD66FD300D1FAA3 /* FitnessClass.swift */; };
		32788A552DD6725100D1FAA3 /* PersonalTraining.swift in Sources */ = {isa = PBXBuildFile; fileRef = 32788A542DD6725100D1FAA3 /* PersonalTraining.swift */; };
		811B00012DDADEE9008A7B17 /* Member.swift in Sources */ = {isa = PBXBuildFile; fileRef = 811B00002DDADEE9008A7B17 /* Member.swift */; };
		811B00032DDAE1B1008A7B17 /* isPurchasable.swift in Sources */ = {isa = PBXBuildFile; fileRef = 811B00022DDAE1B1008A7B17 /* isPurchasable.swift */; };
		811BFFFF2DDADED8008A7B17 /* Gym.swift in Sources */ = {isa = PBXBuildFile; fileRef = 811BFFFE2DDADED8008A7B17 /* Gym.swift */; };
/* End PBXBuildFile section */

/* Begin PBXCopyFilesBuildPhase section */
		32788A342DD6564000D1FAA3 /* CopyFiles */ = {
			isa = PBXCopyFilesBuildPhase;
			buildActionMask = 2147483647;
			dstPath = /usr/share/man/man1/;
			dstSubfolderSpec = 0;
			files = (
			);
			runOnlyForDeploymentPostprocessing = 1;
		};
/* End PBXCopyFilesBuildPhase section */

/* Begin PBXFileReference section */
		32788A362DD6564000D1FAA3 /* Group5_Gym */ = {isa = PBXFileReference; explicitFileType = "compiled.mach-o.executable"; includeInIndex = 0; path = Group5_Gym; sourceTree = BUILT_PRODUCTS_DIR; };
		32788A392DD6564000D1FAA3 /* main.swift */ = {isa = PBXFileReference; lastKnownFileType = sourcecode.swift; path = main.swift; sourceTree = "<group>"; };
		32788A502DD6668100D1FAA3 /* Service.swift */ = {isa = PBXFileReference; lastKnownFileType = sourcecode.swift; path = Service.swift; sourceTree = "<group>"; };
		32788A522DD66FD300D1FAA3 /* FitnessClass.swift */ = {isa = PBXFileReference; lastKnownFileType = sourcecode.swift; path = FitnessClass.swift; sourceTree = "<group>"; };
		32788A542DD6725100D1FAA3 /* PersonalTraining.swift */ = {isa = PBXFileReference; lastKnownFileType = sourcecode.swift; path = PersonalTraining.swift; sourceTree = "<group>"; };
		811B00002DDADEE9008A7B17 /* Member.swift */ = {isa = PBXFileReference; fileEncoding = 4; lastKnownFileType = sourcecode.swift; path = Member.swift; sourceTree = "<group>"; };
		811B00022DDAE1B1008A7B17 /* isPurchasable.swift */ = {isa = PBXFileReference; lastKnownFileType = sourcecode.swift; path = isPurchasable.swift; sourceTree = "<group>"; };
		811BFFFE2DDADED8008A7B17 /* Gym.swift */ = {isa = PBXFileReference; fileEncoding = 4; lastKnownFileType = sourcecode.swift; path = Gym.swift; sourceTree = "<group>"; };
/* End PBXFileReference section */

/* Begin PBXFrameworksBuildPhase section */
		32788A332DD6564000D1FAA3 /* Frameworks */ = {
			isa = PBXFrameworksBuildPhase;
			buildActionMask = 2147483647;
			files = (
			);
			runOnlyForDeploymentPostprocessing = 0;
		};
/* End PBXFrameworksBuildPhase section */

/* Begin PBXGroup section */
		32788A2D2DD6564000D1FAA3 = {
			isa = PBXGroup;
			children = (
				32788A382DD6564000D1FAA3 /* Group5_Gym */,
				32788A372DD6564000D1FAA3 /* Products */,
			);
			sourceTree = "<group>";
		};
		32788A372DD6564000D1FAA3 /* Products */ = {
			isa = PBXGroup;
			children = (
				32788A362DD6564000D1FAA3 /* Group5_Gym */,
			);
			name = Products;
			sourceTree = "<group>";
		};
		32788A382DD6564000D1FAA3 /* Group5_Gym */ = {
			isa = PBXGroup;
			children = (
				811B00002DDADEE9008A7B17 /* Member.swift */,
				811BFFFE2DDADED8008A7B17 /* Gym.swift */,
				32788A392DD6564000D1FAA3 /* main.swift */,
				32788A502DD6668100D1FAA3 /* Service.swift */,
				32788A522DD66FD300D1FAA3 /* FitnessClass.swift */,
				32788A542DD6725100D1FAA3 /* PersonalTraining.swift */,
				811B00022DDAE1B1008A7B17 /* isPurchasable.swift */,
			);
			path = Group5_Gym;
			sourceTree = "<group>";
		};
/* End PBXGroup section */

/* Begin PBXNativeTarget section */
		32788A352DD6564000D1FAA3 /* Group5_Gym */ = {
			isa = PBXNativeTarget;
			buildConfigurationList = 32788A3D2DD6564000D1FAA3 /* Build configuration list for PBXNativeTarget "Group5_Gym" */;
			buildPhases = (
				32788A322DD6564000D1FAA3 /* Sources */,
				32788A332DD6564000D1FAA3 /* Frameworks */,
				32788A342DD6564000D1FAA3 /* CopyFiles */,
			);
			buildRules = (
			);
			dependencies = (
			);
			name = Group5_Gym;
			productName = Group5_Gym;
			productReference = 32788A362DD6564000D1FAA3 /* Group5_Gym */;
			productType = "com.apple.product-type.tool";
		};
/* End PBXNativeTarget section */

/* Begin PBXProject section */
		32788A2E2DD6564000D1FAA3 /* Project object */ = {
			isa = PBXProject;
			attributes = {
				BuildIndependentTargetsInParallel = 1;
				LastSwiftUpdateCheck = 1540;
				LastUpgradeCheck = 1540;
				TargetAttributes = {
					32788A352DD6564000D1FAA3 = {
						CreatedOnToolsVersion = 15.4;
					};
				};
			};
			buildConfigurationList = 32788A312DD6564000D1FAA3 /* Build configuration list for PBXProject "Group5_Gym" */;
			compatibilityVersion = "Xcode 14.0";
			developmentRegion = en;
			hasScannedForEncodings = 0;
			knownRegions = (
				en,
				Base,
			);
			mainGroup = 32788A2D2DD6564000D1FAA3;
			productRefGroup = 32788A372DD6564000D1FAA3 /* Products */;
			projectDirPath = "";
			projectRoot = "";
			targets = (
				32788A352DD6564000D1FAA3 /* Group5_Gym */,
			);
		};
/* End PBXProject section */

/* Begin PBXSourcesBuildPhase section */
		32788A322DD6564000D1FAA3 /* Sources */ = {
			isa = PBXSourcesBuildPhase;
			buildActionMask = 2147483647;
			files = (
				32788A3A2DD6564000D1FAA3 /* main.swift in Sources */,
				811B00012DDADEE9008A7B17 /* Member.swift in Sources */,
				32788A552DD6725100D1FAA3 /* PersonalTraining.swift in Sources */,
				811B00032DDAE1B1008A7B17 /* isPurchasable.swift in Sources */,
				32788A512DD6668100D1FAA3 /* Service.swift in Sources */,
				811BFFFF2DDADED8008A7B17 /* Gym.swift in Sources */,
				32788A532DD66FD300D1FAA3 /* FitnessClass.swift in Sources */,
			);
			runOnlyForDeploymentPostprocessing = 0;
		};
/* End PBXSourcesBuildPhase section */

/* Begin XCBuildConfiguration section */
		32788A3B2DD6564000D1FAA3 /* Debug */ = {
			isa = XCBuildConfiguration;
			buildSettings = {
				ALWAYS_SEARCH_USER_PATHS = NO;
				ASSETCATALOG_COMPILER_GENERATE_SWIFT_ASSET_SYMBOL_EXTENSIONS = YES;
				CLANG_ANALYZER_NONNULL = YES;
				CLANG_ANALYZER_NUMBER_OBJECT_CONVERSION = YES_AGGRESSIVE;
				CLANG_CXX_LANGUAGE_STANDARD = "gnu++20";
				CLANG_ENABLE_MODULES = YES;
				CLANG_ENABLE_OBJC_ARC = YES;
				CLANG_ENABLE_OBJC_WEAK = YES;
				CLANG_WARN_BLOCK_CAPTURE_AUTORELEASING = YES;
				CLANG_WARN_BOOL_CONVERSION = YES;
				CLANG_WARN_COMMA = YES;
				CLANG_WARN_CONSTANT_CONVERSION = YES;
				CLANG_WARN_DEPRECATED_OBJC_IMPLEMENTATIONS = YES;
				CLANG_WARN_DIRECT_OBJC_ISA_USAGE = YES_ERROR;
				CLANG_WARN_DOCUMENTATION_COMMENTS = YES;
				CLANG_WARN_EMPTY_BODY = YES;
				CLANG_WARN_ENUM_CONVERSION = YES;
				CLANG_WARN_INFINITE_RECURSION = YES;
				CLANG_WARN_INT_CONVERSION = YES;
				CLANG_WARN_NON_LITERAL_NULL_CONVERSION = YES;
				CLANG_WARN_OBJC_IMPLICIT_RETAIN_SELF = YES;
				CLANG_WARN_OBJC_LITERAL_CONVERSION = YES;
				CLANG_WARN_OBJC_ROOT_CLASS = YES_ERROR;
				CLANG_WARN_QUOTED_INCLUDE_IN_FRAMEWORK_HEADER = YES;
				CLANG_WARN_RANGE_LOOP_ANALYSIS = YES;
				CLANG_WARN_STRICT_PROTOTYPES = YES;
				CLANG_WARN_SUSPICIOUS_MOVE = YES;
				CLANG_WARN_UNGUARDED_AVAILABILITY = YES_AGGRESSIVE;
				CLANG_WARN_UNREACHABLE_CODE = YES;
				CLANG_WARN__DUPLICATE_METHOD_MATCH = YES;
				COPY_PHASE_STRIP = NO;
				DEBUG_INFORMATION_FORMAT = dwarf;
				ENABLE_STRICT_OBJC_MSGSEND = YES;
				ENABLE_TESTABILITY = YES;
				ENABLE_USER_SCRIPT_SANDBOXING = YES;
				GCC_C_LANGUAGE_STANDARD = gnu17;
				GCC_DYNAMIC_NO_PIC = NO;
				GCC_NO_COMMON_BLOCKS = YES;
				GCC_OPTIMIZATION_LEVEL = 0;
				GCC_PREPROCESSOR_DEFINITIONS = (
					"DEBUG=1",
					"$(inherited)",
				);
				GCC_WARN_64_TO_32_BIT_CONVERSION = YES;
				GCC_WARN_ABOUT_RETURN_TYPE = YES_ERROR;
				GCC_WARN_UNDECLARED_SELECTOR = YES;
				GCC_WARN_UNINITIALIZED_AUTOS = YES_AGGRESSIVE;
				GCC_WARN_UNUSED_FUNCTION = YES;
				GCC_WARN_UNUSED_VARIABLE = YES;
				LOCALIZATION_PREFERS_STRING_CATALOGS = YES;
				MACOSX_DEPLOYMENT_TARGET = 14.4;
				MTL_ENABLE_DEBUG_INFO = INCLUDE_SOURCE;
				MTL_FAST_MATH = YES;
				ONLY_ACTIVE_ARCH = YES;
				SDKROOT = macosx;
				SWIFT_ACTIVE_COMPILATION_CONDITIONS = "DEBUG $(inherited)";
				SWIFT_OPTIMIZATION_LEVEL = "-Onone";
			};
			name = Debug;
		};
		32788A3C2DD6564000D1FAA3 /* Release */ = {
			isa = XCBuildConfiguration;
			buildSettings = {
				ALWAYS_SEARCH_USER_PATHS = NO;
				ASSETCATALOG_COMPILER_GENERATE_SWIFT_ASSET_SYMBOL_EXTENSIONS = YES;
				CLANG_ANALYZER_NONNULL = YES;
				CLANG_ANALYZER_NUMBER_OBJECT_CONVERSION = YES_AGGRESSIVE;
				CLANG_CXX_LANGUAGE_STANDARD = "gnu++20";
				CLANG_ENABLE_MODULES = YES;
				CLANG_ENABLE_OBJC_ARC = YES;
				CLANG_ENABLE_OBJC_WEAK = YES;
				CLANG_WARN_BLOCK_CAPTURE_AUTORELEASING = YES;
				CLANG_WARN_BOOL_CONVERSION = YES;
				CLANG_WARN_COMMA = YES;
				CLANG_WARN_CONSTANT_CONVERSION = YES;
				CLANG_WARN_DEPRECATED_OBJC_IMPLEMENTATIONS = YES;
				CLANG_WARN_DIRECT_OBJC_ISA_USAGE = YES_ERROR;
				CLANG_WARN_DOCUMENTATION_COMMENTS = YES;
				CLANG_WARN_EMPTY_BODY = YES;
				CLANG_WARN_ENUM_CONVERSION = YES;
				CLANG_WARN_INFINITE_RECURSION = YES;
				CLANG_WARN_INT_CONVERSION = YES;
				CLANG_WARN_NON_LITERAL_NULL_CONVERSION = YES;
				CLANG_WARN_OBJC_IMPLICIT_RETAIN_SELF = YES;
				CLANG_WARN_OBJC_LITERAL_CONVERSION = YES;
				CLANG_WARN_OBJC_ROOT_CLASS = YES_ERROR;
				CLANG_WARN_QUOTED_INCLUDE_IN_FRAMEWORK_HEADER = YES;
				CLANG_WARN_RANGE_LOOP_ANALYSIS = YES;
				CLANG_WARN_STRICT_PROTOTYPES = YES;
				CLANG_WARN_SUSPICIOUS_MOVE = YES;
				CLANG_WARN_UNGUARDED_AVAILABILITY = YES_AGGRESSIVE;
				CLANG_WARN_UNREACHABLE_CODE = YES;
				CLANG_WARN__DUPLICATE_METHOD_MATCH = YES;
				COPY_PHASE_STRIP = NO;
				DEBUG_INFORMATION_FORMAT = "dwarf-with-dsym";
				ENABLE_NS_ASSERTIONS = NO;
				ENABLE_STRICT_OBJC_MSGSEND = YES;
				ENABLE_USER_SCRIPT_SANDBOXING = YES;
				GCC_C_LANGUAGE_STANDARD = gnu17;
				GCC_NO_COMMON_BLOCKS = YES;
				GCC_WARN_64_TO_32_BIT_CONVERSION = YES;
				GCC_WARN_ABOUT_RETURN_TYPE = YES_ERROR;
				GCC_WARN_UNDECLARED_SELECTOR = YES;
				GCC_WARN_UNINITIALIZED_AUTOS = YES_AGGRESSIVE;
				GCC_WARN_UNUSED_FUNCTION = YES;
				GCC_WARN_UNUSED_VARIABLE = YES;
				LOCALIZATION_PREFERS_STRING_CATALOGS = YES;
				MACOSX_DEPLOYMENT_TARGET = 14.4;
				MTL_ENABLE_DEBUG_INFO = NO;
				MTL_FAST_MATH = YES;
				SDKROOT = macosx;
				SWIFT_COMPILATION_MODE = wholemodule;
			};
			name = Release;
		};
		32788A3E2DD6564000D1FAA3 /* Debug */ = {
			isa = XCBuildConfiguration;
			buildSettings = {
				"CODE_SIGN_IDENTITY[sdk=macosx*]" = "-";
				CODE_SIGN_STYLE = Automatic;
				DEVELOPMENT_TEAM = "";
				ENABLE_HARDENED_RUNTIME = YES;
				PRODUCT_NAME = "$(TARGET_NAME)";
				SWIFT_VERSION = 5.0;
			};
			name = Debug;
		};
		32788A3F2DD6564000D1FAA3 /* Release */ = {
			isa = XCBuildConfiguration;
			buildSettings = {
				"CODE_SIGN_IDENTITY[sdk=macosx*]" = "-";
				CODE_SIGN_STYLE = Automatic;
				DEVELOPMENT_TEAM = "";
				ENABLE_HARDENED_RUNTIME = YES;
				PRODUCT_NAME = "$(TARGET_NAME)";
				SWIFT_VERSION = 5.0;
			};
			name = Release;
		};
/* End XCBuildConfiguration section */

/* Begin XCConfigurationList section */
		32788A312DD6564000D1FAA3 /* Build configuration list for PBXProject "Group5_Gym" */ = {
			isa = XCConfigurationList;
			buildConfigurations = (
				32788A3B2DD6564000D1FAA3 /* Debug */,
				32788A3C2DD6564000D1FAA3 /* Release */,
			);
			defaultConfigurationIsVisible = 0;
			defaultConfigurationName = Release;
		};
		32788A3D2DD6564000D1FAA3 /* Build configuration list for PBXNativeTarget "Group5_Gym" */ = {
			isa = XCConfigurationList;
			buildConfigurations = (
				32788A3E2DD6564000D1FAA3 /* Debug */,
				32788A3F2DD6564000D1FAA3 /* Release */,
			);
			defaultConfigurationIsVisible = 0;
			defaultConfigurationName = Release;
		};
/* End XCConfigurationList section */
	};
	rootObject = 32788A2E2DD6564000D1FAA3 /* Project object */;
}
